<?xml version="1.0" encoding="utf-8"?>
<Project ToolsVersion="4.0" xmlns="http://schemas.microsoft.com/developer/msbuild/2003">
  <ItemGroup>
    <Filter Include="Source Files">
      <UniqueIdentifier>{4FC737F1-C7A5-4376-A066-2A32D752A2FF}</UniqueIdentifier>
      <Extensions>cpp;c;cc;cxx;def;odl;idl;hpj;bat;asm;asmx</Extensions>
    </Filter>
    <Filter Include="Header Files">
      <UniqueIdentifier>{93995380-89BD-4b04-88EB-625FBE52EBFB}</UniqueIdentifier>
      <Extensions>h;hh;hpp;hxx;hm;inl;inc;xsd</Extensions>
    </Filter>
    <Filter Include="Resource Files">
      <UniqueIdentifier>{67DA6AB6-F800-4c08-8B7A-83BB121AAD01}</UniqueIdentifier>
      <Extensions>rc;ico;cur;bmp;dlg;rc2;rct;bin;rgs;gif;jpg;jpeg;jpe;resx;tiff;tif;png;wav;mfcribbon-ms</Extensions>
    </Filter>
    <Filter Include="Header Files\engine">
      <UniqueIdentifier>{84dc700c-8d93-4331-9a97-40170f28fe97}</UniqueIdentifier>
    </Filter>
    <Filter Include="Source Files\engine">
      <UniqueIdentifier>{55878d52-89c3-4289-8fdb-b3c86daaf279}</UniqueIdentifier>
    </Filter>
    <Filter Include="Header Files\game">
      <UniqueIdentifier>{2134dea3-6a60-4c9e-ad3e-d7a63f4982ad}</UniqueIdentifier>
    </Filter>
    <Filter Include="Source Files\game">
      <UniqueIdentifier>{e8786cb0-9064-451f-b69e-0f834680ece9}</UniqueIdentifier>
    </Filter>
  </ItemGroup>
  <ItemGroup>
    <ClCompile Include="src\main.cpp">
      <Filter>Source Files</Filter>
    </ClCompile>
    <ClCompile Include="deps\glad\src\glad.c">
      <Filter>Resource Files</Filter>
    </ClCompile>
    <ClCompile Include="src\engine\window.cpp">
      <Filter>Source Files\engine</Filter>
    </ClCompile>
    <ClCompile Include="src\game\game.cpp">
      <Filter>Source Files\game</Filter>
    </ClCompile>
    <ClCompile Include="src\engine\input.cpp">
      <Filter>Source Files\engine</Filter>
    </ClCompile>
    <ClCompile Include="src\engine\mesh.cpp">
      <Filter>Source Files\engine</Filter>
    </ClCompile>
    <ClCompile Include="src\engine\model.cpp">
      <Filter>Source Files\engine</Filter>
    </ClCompile>
    <ClCompile Include="deps\stb\stb_image.c">
      <Filter>Resource Files</Filter>
    </ClCompile>
    <ClCompile Include="deps\tinyobjloader\tiny_obj_loader.cc">
      <Filter>Resource Files</Filter>
    </ClCompile>
    <ClCompile Include="src\game\game_objects.cpp">
      <Filter>Source Files\game</Filter>
    </ClCompile>
  </ItemGroup>
  <ItemGroup>
    <None Include="src\engine\util.inl">
      <Filter>Header Files\engine</Filter>
    </None>
    <None Include="src\engine\shader.inl">
      <Filter>Header Files\engine</Filter>
    </None>
    <None Include="src\engine\program.inl">
      <Filter>Header Files\engine</Filter>
    </None>
    <None Include="src\engine\vertex.inl">
      <Filter>Header Files\engine</Filter>
    </None>
    <None Include="src\engine\vertex_array.inl">
      <Filter>Header Files\engine</Filter>
    </None>
    <None Include="src\engine\buffer.inl">
      <Filter>Header Files\engine</Filter>
    </None>
    <None Include="src\engine\texture.inl">
      <Filter>Header Files\engine</Filter>
    </None>
    <None Include="src\engine\viewport.inl">
      <Filter>Header Files\engine</Filter>
    </None>
    <None Include="src\engine\camera.inl">
      <Filter>Header Files\engine</Filter>
    </None>
    <None Include="src\engine\transform.inl">
      <Filter>Header Files\engine</Filter>
    </None>
    <None Include="src\engine\light.inl">
      <Filter>Header Files\engine</Filter>
    </None>
  </ItemGroup>
  <ItemGroup>
    <ClInclude Include="src\engine\window.hpp">
      <Filter>Header Files\engine</Filter>
    </ClInclude>
    <ClInclude Include="src\game\game.hpp">
      <Filter>Header Files\game</Filter>
    </ClInclude>
    <ClInclude Include="src\engine\input.hpp">
      <Filter>Header Files\engine</Filter>
    </ClInclude>
    <ClInclude Include="src\engine\mesh.hpp">
      <Filter>Header Files\engine</Filter>
    </ClInclude>
    <ClInclude Include="src\engine\model.hpp">
      <Filter>Header Files\engine</Filter>
    </ClInclude>
    <ClInclude Include="src\game\game_objects.hpp">
      <Filter>Header Files\game</Filter>
    </ClInclude>
  </ItemGroup>
</Project>